Microsoft Visual Studio Solution File, Format Version 11.00
# Visual Studio 2008

Project("{A9A009CB-FD87-2AC5-B4F8-9CDED436A2E2}") = "LostInSpace", "Assembly-CSharp.csproj", "{0C9109A3-49AF-DAD8-E58E-51E709841952}"
EndProject
Global
	GlobalSection(SolutionConfigurationPlatforms) = preSolution
		Debug|Any CPU = Debug|Any CPU
		Release|Any CPU = Release|Any CPU
	EndGlobalSection
	GlobalSection(ProjectConfigurationPlatforms) = postSolution
		{0C9109A3-49AF-DAD8-E58E-51E709841952}.Debug|Any CPU.ActiveCfg = Debug|Any CPU
		{0C9109A3-49AF-DAD8-E58E-51E709841952}.Debug|Any CPU.Build.0 = Debug|Any CPU
		{0C9109A3-49AF-DAD8-E58E-51E709841952}.Release|Any CPU.ActiveCfg = Release|Any CPU
		{0C9109A3-49AF-DAD8-E58E-51E709841952}.Release|Any CPU.Build.0 = Release|Any CPU
	EndGlobalSection
	GlobalSection(SolutionProperties) = preSolution
		HideSolutionNode = FALSE
	EndGlobalSection
	GlobalSection(MonoDevelopProperties) = preSolution
		StartupItem = Assembly-CSharp.csproj
	EndGlobalSection
EndGlobal
